
Microsoft Visual Studio Solution File, Format Version 12.00
# Visual Studio 15
VisualStudioVersion = 15.0.27703.2047
MinimumVisualStudioVersion = 10.0.40219.1
Project("{FAE04EC0-301F-11D3-BF4B-00C04F79EFBC}") = "mitt profolile", "mitt profolile\mitt profolile.csproj", "{37A8C23F-FBB0-45AE-82C1-9E8D44466619}"
EndProject
Global
	GlobalSection(SolutionConfigurationPlatforms) = preSolution
		Debug|Any CPU = Debug|Any CPU
		Release|Any CPU = Release|Any CPU
	EndGlobalSection
	GlobalSection(ProjectConfigurationPlatforms) = postSolution
		{37A8C23F-FBB0-45AE-82C1-9E8D44466619}.Debug|Any CPU.ActiveCfg = Debug|Any CPU
		{37A8C23F-FBB0-45AE-82C1-9E8D44466619}.Debug|Any CPU.Build.0 = Debug|Any CPU
		{37A8C23F-FBB0-45AE-82C1-9E8D44466619}.Release|Any CPU.ActiveCfg = Release|Any CPU
		{37A8C23F-FBB0-45AE-82C1-9E8D44466619}.Release|Any CPU.Build.0 = Release|Any CPU
	EndGlobalSection
	GlobalSection(SolutionProperties) = preSolution
		HideSolutionNode = FALSE
	EndGlobalSection
	GlobalSection(ExtensibilityGlobals) = postSolution
		SolutionGuid = {DAB8A797-B600-451C-9618-884DF088912C}
	EndGlobalSection
EndGlobal
